lockfileVersion: '9.0'

settings:
  autoInstallPeers: true
  excludeLinksFromLockfile: false

importers:

  .:
    dependencies:
      web-tree-sitter:
        specifier: 0.26.11
        version: 0.26.11
    devDependencies:
      '@lumis-sh/themes':
        specifier: workspace:^0.0.2
        version: link:../themes

packages:

  web-tree-sitter@0.26.11:
    resolution: {integrity: sha512-Q5Dm3YTIXSXuH6FxX6RuzX2Qwpc4DPGiYMU87Wg5Z8OIStiQFiUex4zMDc0vBTw78EphaYJacncJghCHzbZptg==}
    peerDependencies:
      '@types/emscripten': ^1.40.0
    peerDependenciesMeta:
      '@types/emscripten':
        optional: true

snapshots:

  web-tree-sitter@0.26.11: {}
