# @generated - this file is auto-generated by `mise lock` https://mise.jdx.dev/dev-tools/mise-lock.html

[[tools.tree-sitter]]
version = "0.26.11"
backend = "aqua:tree-sitter/tree-sitter"

[tools.tree-sitter."platforms.linux-arm64"]
checksum = "sha256:e47dd59bf2f21ad7c15771546a724464ee3c008a60fbb61c6860bd19a44b3060"
url = "https://github.com/tree-sitter/tree-sitter/releases/download/v0.26.11/tree-sitter-linux-arm64.gz"
url_api = "https://api.github.com/repos/tree-sitter/tree-sitter/releases/assets/474306993"
provenance = "github-attestations"

[tools.tree-sitter."platforms.linux-arm64-musl"]
checksum = "sha256:e47dd59bf2f21ad7c15771546a724464ee3c008a60fbb61c6860bd19a44b3060"
url = "https://github.com/tree-sitter/tree-sitter/releases/download/v0.26.11/tree-sitter-linux-arm64.gz"
url_api = "https://api.github.com/repos/tree-sitter/tree-sitter/releases/assets/474306993"
provenance = "github-attestations"

[tools.tree-sitter."platforms.linux-x64"]
checksum = "sha256:8dac3c89bb632eece700ea7a261ad963b251f2228c4aef3b58458ebea8dbe4eb"
url = "https://github.com/tree-sitter/tree-sitter/releases/download/v0.26.11/tree-sitter-linux-x64.gz"
url_api = "https://api.github.com/repos/tree-sitter/tree-sitter/releases/assets/474306995"
provenance = "github-attestations"

[tools.tree-sitter."platforms.linux-x64-musl"]
checksum = "sha256:8dac3c89bb632eece700ea7a261ad963b251f2228c4aef3b58458ebea8dbe4eb"
url = "https://github.com/tree-sitter/tree-sitter/releases/download/v0.26.11/tree-sitter-linux-x64.gz"
url_api = "https://api.github.com/repos/tree-sitter/tree-sitter/releases/assets/474306995"
provenance = "github-attestations"

[tools.tree-sitter."platforms.macos-arm64"]
checksum = "sha256:0bb646b2a29007233bd44855f00d0b8e238084d5b442f097d841b476318c2c90"
url = "https://github.com/tree-sitter/tree-sitter/releases/download/v0.26.11/tree-sitter-macos-arm64.gz"
url_api = "https://api.github.com/repos/tree-sitter/tree-sitter/releases/assets/474307011"
provenance = "github-attestations"

[tools.tree-sitter."platforms.macos-x64"]
checksum = "sha256:0da547d2622ba1583e4c748bb44db5b79af56462da41acf377b9fdc2eb2cd49f"
url = "https://github.com/tree-sitter/tree-sitter/releases/download/v0.26.11/tree-sitter-macos-x64.gz"
url_api = "https://api.github.com/repos/tree-sitter/tree-sitter/releases/assets/474307010"
provenance = "github-attestations"

[tools.tree-sitter."platforms.windows-x64"]
checksum = "sha256:9d836a8c405ed50cea6b3410905576de3bff2b42ca12edc1e825ec86fe918a5f"
url = "https://github.com/tree-sitter/tree-sitter/releases/download/v0.26.11/tree-sitter-windows-x64.gz"
url_api = "https://api.github.com/repos/tree-sitter/tree-sitter/releases/assets/474307013"
provenance = "github-attestations"
